github.com/BurntSushi/toml v0.3.1/go.mod h1:xHWCNGjB5oqiDr8zfno3MHue2Ht5sIBksp03qcyfWMU=
github.com/FactomProject/btcutil v0.0.0-20160826074221-43986820ccd5/go.mod h1:vneMtVKjkLz6PtiXS/HB0UJXAF77wndeJwZiqaVrN84=
github.com/FactomProject/ed25519 v0.0.0-20150814230546-38002c4fe7b6/go.mod h1:x54uxtF9AnHAvx2kRoIxKYLuUV+bRjUQ6u/3FhfmO5g=
github.com/FactomProject/factom v0.0.0-20160324204925-56e389d115c0/go.mod h1:V1V8mWqOI72JBpGj/aPQZEmhDepdykxyhVRH5GxbP4E=
github.com/StackExchange/wmi v0.0.0-20190523213315-cbe66965904d h1:G0m3OIz70MZUWq3EgK3CesDbo8upS2Vm9/P3FtgI+Jk=
github.com/StackExchange/wmi v0.0.0-20190523213315-cbe66965904d/go.mod h1:3eOhrUMpNV+6aFIbp5/iudMxNCF27Vw2OZgy4xEx0Fg=
github.com/codegangsta/cli v1.20.0/go.mod h1:/qJNoX69yVSKu5o4jLyXAENLRyk1uhi7zkbQ3slBdOA=
github.com/dustin/go-humanize v1.0.0/go.mod h1:HtrtbFcZ19U5GC7JDqmcUSB87Iq5E25KnS6fMYU6eOk=
github.com/ghodss/yaml v1.0.0/go.mod h1:4dBDuWmgqj2HViK6kFavaiC9ZROes6MMH2rRYeMEF04=
github.com/go-ini/ini v1.44.0/go.mod h1:ByCAeIL28uOIIG0E3PJtZPDL8WnHpFKFOtgjp+3Ies8=
github.com/go-ole/go-ole v1.2.4 h1:nNBDSCOigTSiarFpYE9J/KtEA1IOW4CNeqT9TQDqCxI=
github.com/go-ole/go-ole v1.2.4/go.mod h1:XCwSNxSkXRo4vlyPy93sltvi/qJq0jqQhjqQNIwKuxM=
github.com/pegnet/LXR256 v0.0.0-20190721001507-5e925f415fa2/go.mod h1:11Z6s/PoxMH3ON6Kh+2MxNFdaq9op2sgvIAqg52d/3I=
github.com/pegnet/LXRHash v0.0.0-20190726144200-a35b17bbf85c h1:/3H7wWMIg/X/vvnkaVL48HrEm9WbTW/H/mFr8bKVeAI=
github.com/pegnet/LXRHash v0.0.0-20190726144200-a35b17bbf85c/go.mod h1:0zBp9GFy9F77zuQbPkAmdUBRiptMaJ1V96eVFdMnXZA=
github.com/pegnet/OracleRecord v0.0.2/go.mod h1:VrY7Shn4oSCli47CsUYBFjH68IenGYtnLaXaaivepu4=
github.com/pegnet/pegnet v0.0.2/go.mod h1:FUyEs8fyLOzPXZgyqXcqiOhQi58loNtujykIbxxoKbQ=
github.com/shirou/gopsutil v2.18.12+incompatible h1:1eaJvGomDnH74/5cF4CTmTbLHAriGFsTZppLXDX93OM=
github.com/shirou/gopsutil v2.18.12+incompatible/go.mod h1:5b4v6he4MtMOwMlS0TUMTu2PcXUg8+E1lC7eC3UO/RA=
github.com/shirou/w32 v0.0.0-20160930032740-bb4de0191aa4 h1:udFKJ0aHUL60LboW/A+DfgoHVedieIzIXE8uylPue0U=
github.com/shirou/w32 v0.0.0-20160930032740-bb4de0191aa4/go.mod h1:qsXQc7+bwAM3Q1u/4XEfrquwF8Lw7D7y5cD8CuHnfIc=
github.com/zpatrick/go-config v0.0.0-20190509173111-460869022dbd/go.mod h1:N7O1arBXMtrvgkF3kTwZdytK4gsAf13kfqv9Z6vk47Q=
golang.org/x/sys v0.0.0-20190726091711-fc99dfbffb4e h1:D5TXcfTk7xF7hvieo4QErS3qqCB4teTffacDWr7CI+0=
golang.org/x/sys v0.0.0-20190726091711-fc99dfbffb4e/go.mod h1:h1NjWce9XRLGQEsW7wpKNCjG9DtNlClVuFLEZdDNbEs=
gopkg.in/check.v1 v0.0.0-20161208181325-20d25e280405/go.mod h1:Co6ibVJAznAaIkqp8huTwlJQCZ016jof/cbN4VW5Yz0=
gopkg.in/yaml.v2 v2.2.2/go.mod h1:hI93XBmqTisBFMUTm0b8Fm+jr3Dg1NNxqwp+5A1VGuI=
